
Microsoft Visual Studio Solution File, Format Version 12.00
# Visual Studio Version 17
VisualStudioVersion = 17.10.34928.147
MinimumVisualStudioVersion = 10.0.40219.1
Project("{FAE04EC0-301F-11D3-BF4B-00C04F79EFBC}") = "VeritabaniProje_Asrin", "VeritabaniProje_Asrin\VeritabaniProje_Asrin.csproj", "{D86AD6FC-7603-405F-B25B-B248F2B5536A}"
EndProject
Global
	GlobalSection(SolutionConfigurationPlatforms) = preSolution
		Debug|Any CPU = Debug|Any CPU
		Release|Any CPU = Release|Any CPU
	EndGlobalSection
	GlobalSection(ProjectConfigurationPlatforms) = postSolution
		{D86AD6FC-7603-405F-B25B-B248F2B5536A}.Debug|Any CPU.ActiveCfg = Debug|Any CPU
		{D86AD6FC-7603-405F-B25B-B248F2B5536A}.Debug|Any CPU.Build.0 = Debug|Any CPU
		{D86AD6FC-7603-405F-B25B-B248F2B5536A}.Release|Any CPU.ActiveCfg = Release|Any CPU
		{D86AD6FC-7603-405F-B25B-B248F2B5536A}.Release|Any CPU.Build.0 = Release|Any CPU
	EndGlobalSection
	GlobalSection(SolutionProperties) = preSolution
		HideSolutionNode = FALSE
	EndGlobalSection
	GlobalSection(ExtensibilityGlobals) = postSolution
		SolutionGuid = {A4DE4326-821E-4B4D-966A-48903E358215}
	EndGlobalSection
EndGlobal
